
Microsoft Visual Studio Solution File, Format Version 12.00
# Visual Studio Version 16
VisualStudioVersion = 16.0.31515.178
MinimumVisualStudioVersion = 10.0.40219.1
Project("{FAE04EC0-301F-11D3-BF4B-00C04F79EFBC}") = "sms77-library", "sms77-library\sms77-library.csproj", "{68E2C355-8A7A-41CD-9FE6-3D0DB5AF2A1E}"
EndProject
Project("{9A19103F-16F7-4668-BE54-9A1E7A4F7556}") = "sms77-api", "sms77-api.csproj", "{CE40D99A-EC02-4148-AEF7-BB5417D6E5A2}"
EndProject
Global
	GlobalSection(SolutionConfigurationPlatforms) = preSolution
		Debug|Any CPU = Debug|Any CPU
		Release|Any CPU = Release|Any CPU
	EndGlobalSection
	GlobalSection(ProjectConfigurationPlatforms) = postSolution
		{68E2C355-8A7A-41CD-9FE6-3D0DB5AF2A1E}.Debug|Any CPU.ActiveCfg = Debug|Any CPU
		{68E2C355-8A7A-41CD-9FE6-3D0DB5AF2A1E}.Debug|Any CPU.Build.0 = Debug|Any CPU
		{68E2C355-8A7A-41CD-9FE6-3D0DB5AF2A1E}.Release|Any CPU.ActiveCfg = Release|Any CPU
		{68E2C355-8A7A-41CD-9FE6-3D0DB5AF2A1E}.Release|Any CPU.Build.0 = Release|Any CPU
		{CE40D99A-EC02-4148-AEF7-BB5417D6E5A2}.Debug|Any CPU.ActiveCfg = Debug|Any CPU
		{CE40D99A-EC02-4148-AEF7-BB5417D6E5A2}.Debug|Any CPU.Build.0 = Debug|Any CPU
		{CE40D99A-EC02-4148-AEF7-BB5417D6E5A2}.Release|Any CPU.ActiveCfg = Release|Any CPU
		{CE40D99A-EC02-4148-AEF7-BB5417D6E5A2}.Release|Any CPU.Build.0 = Release|Any CPU
	EndGlobalSection
	GlobalSection(SolutionProperties) = preSolution
		HideSolutionNode = FALSE
	EndGlobalSection
	GlobalSection(ExtensibilityGlobals) = postSolution
		SolutionGuid = {A58830F5-DA01-4099-BE9B-531BEDE7932A}
	EndGlobalSection
EndGlobal
